
Microsoft Visual Studio Solution File, Format Version 12.00
# Visual Studio 15
VisualStudioVersion = 15.0.27004.2005
MinimumVisualStudioVersion = 10.0.40219.1
Project("{FAE04EC0-301F-11D3-BF4B-00C04F79EFBC}") = "ZooCalcWk4Thurversion", "ZooCalcWk4Thurversion\ZooCalcWk4Thurversion.csproj", "{445BC1EB-5A07-4D3B-AAA0-9E6AD337E643}"
EndProject
Global
	GlobalSection(SolutionConfigurationPlatforms) = preSolution
		Debug|Any CPU = Debug|Any CPU
		Release|Any CPU = Release|Any CPU
	EndGlobalSection
	GlobalSection(ProjectConfigurationPlatforms) = postSolution
		{445BC1EB-5A07-4D3B-AAA0-9E6AD337E643}.Debug|Any CPU.ActiveCfg = Debug|Any CPU
		{445BC1EB-5A07-4D3B-AAA0-9E6AD337E643}.Debug|Any CPU.Build.0 = Debug|Any CPU
		{445BC1EB-5A07-4D3B-AAA0-9E6AD337E643}.Release|Any CPU.ActiveCfg = Release|Any CPU
		{445BC1EB-5A07-4D3B-AAA0-9E6AD337E643}.Release|Any CPU.Build.0 = Release|Any CPU
	EndGlobalSection
	GlobalSection(SolutionProperties) = preSolution
		HideSolutionNode = FALSE
	EndGlobalSection
	GlobalSection(ExtensibilityGlobals) = postSolution
		SolutionGuid = {F560CC9C-53FF-4AF2-95A4-A61CE5C5C32D}
	EndGlobalSection
EndGlobal
